
Microsoft Visual Studio Solution File, Format Version 12.00
# Visual Studio Version 17
VisualStudioVersion = 17.5.002.0
MinimumVisualStudioVersion = 10.0.40219.1
Project("{9A19103F-16F7-4668-BE54-9A1E7A4F7556}") = "Code-Garap", "Code-Garap\Code-Garap.csproj", "{F16A9016-6FB4-4127-8F13-2A6372E6E797}"
EndProject
Global
	GlobalSection(SolutionConfigurationPlatforms) = preSolution
		Debug|Any CPU = Debug|Any CPU
		Release|Any CPU = Release|Any CPU
	EndGlobalSection
	GlobalSection(ProjectConfigurationPlatforms) = postSolution
		{F16A9016-6FB4-4127-8F13-2A6372E6E797}.Debug|Any CPU.ActiveCfg = Debug|Any CPU
		{F16A9016-6FB4-4127-8F13-2A6372E6E797}.Debug|Any CPU.Build.0 = Debug|Any CPU
		{F16A9016-6FB4-4127-8F13-2A6372E6E797}.Release|Any CPU.ActiveCfg = Release|Any CPU
		{F16A9016-6FB4-4127-8F13-2A6372E6E797}.Release|Any CPU.Build.0 = Release|Any CPU
	EndGlobalSection
	GlobalSection(SolutionProperties) = preSolution
		HideSolutionNode = FALSE
	EndGlobalSection
	GlobalSection(ExtensibilityGlobals) = postSolution
		SolutionGuid = {002E9555-6457-4819-830F-5869F49EC105}
	EndGlobalSection
EndGlobal
